
Microsoft Visual Studio Solution File, Format Version 12.00
# Visual Studio 15
VisualStudioVersion = 15.0.28307.645
MinimumVisualStudioVersion = 10.0.40219.1
Project("{FAE04EC0-301F-11D3-BF4B-00C04F79EFBC}") = "MiVehiculo.Web", "MiVehiculo.Web\MiVehiculo.Web.csproj", "{235A1AF0-0341-4EDF-9EEC-52E5BBC9AA52}"
EndProject
Project("{FAE04EC0-301F-11D3-BF4B-00C04F79EFBC}") = "MiVehiculo.WebAdmin", "MiVehiculo.WebAdmin\MiVehiculo.WebAdmin.csproj", "{1D78C81F-BF67-4DD1-AE6D-71DE1E28AB31}"
EndProject
Project("{FAE04EC0-301F-11D3-BF4B-00C04F79EFBC}") = "MiVehiculo.BL", "MiVehiculo.BL\MiVehiculo.BL.csproj", "{04E56C0B-E32F-4502-9297-7C211397D5A0}"
EndProject
Project("{FAE04EC0-301F-11D3-BF4B-00C04F79EFBC}") = "MiVehiculo.Win", "MiVehiculo.Win\MiVehiculo.Win.csproj", "{0082EED2-6BFF-4E00-BC84-3B4EC86EB113}"
EndProject
Global
	GlobalSection(SolutionConfigurationPlatforms) = preSolution
		Debug|Any CPU = Debug|Any CPU
		Release|Any CPU = Release|Any CPU
	EndGlobalSection
	GlobalSection(ProjectConfigurationPlatforms) = postSolution
		{235A1AF0-0341-4EDF-9EEC-52E5BBC9AA52}.Debug|Any CPU.ActiveCfg = Debug|Any CPU
		{235A1AF0-0341-4EDF-9EEC-52E5BBC9AA52}.Debug|Any CPU.Build.0 = Debug|Any CPU
		{235A1AF0-0341-4EDF-9EEC-52E5BBC9AA52}.Release|Any CPU.ActiveCfg = Release|Any CPU
		{235A1AF0-0341-4EDF-9EEC-52E5BBC9AA52}.Release|Any CPU.Build.0 = Release|Any CPU
		{1D78C81F-BF67-4DD1-AE6D-71DE1E28AB31}.Debug|Any CPU.ActiveCfg = Debug|Any CPU
		{1D78C81F-BF67-4DD1-AE6D-71DE1E28AB31}.Debug|Any CPU.Build.0 = Debug|Any CPU
		{1D78C81F-BF67-4DD1-AE6D-71DE1E28AB31}.Release|Any CPU.ActiveCfg = Release|Any CPU
		{1D78C81F-BF67-4DD1-AE6D-71DE1E28AB31}.Release|Any CPU.Build.0 = Release|Any CPU
		{04E56C0B-E32F-4502-9297-7C211397D5A0}.Debug|Any CPU.ActiveCfg = Debug|Any CPU
		{04E56C0B-E32F-4502-9297-7C211397D5A0}.Debug|Any CPU.Build.0 = Debug|Any CPU
		{04E56C0B-E32F-4502-9297-7C211397D5A0}.Release|Any CPU.ActiveCfg = Release|Any CPU
		{04E56C0B-E32F-4502-9297-7C211397D5A0}.Release|Any CPU.Build.0 = Release|Any CPU
		{0082EED2-6BFF-4E00-BC84-3B4EC86EB113}.Debug|Any CPU.ActiveCfg = Debug|Any CPU
		{0082EED2-6BFF-4E00-BC84-3B4EC86EB113}.Debug|Any CPU.Build.0 = Debug|Any CPU
		{0082EED2-6BFF-4E00-BC84-3B4EC86EB113}.Release|Any CPU.ActiveCfg = Release|Any CPU
		{0082EED2-6BFF-4E00-BC84-3B4EC86EB113}.Release|Any CPU.Build.0 = Release|Any CPU
	EndGlobalSection
	GlobalSection(SolutionProperties) = preSolution
		HideSolutionNode = FALSE
	EndGlobalSection
	GlobalSection(ExtensibilityGlobals) = postSolution
		SolutionGuid = {251405BB-C9D9-4425-8C30-A9470B06F46B}
	EndGlobalSection
EndGlobal
